<?xml version="1.0" encoding="utf-8"?>
<Project ToolsVersion="4.0" xmlns="http://schemas.microsoft.com/developer/msbuild/2003">
  <ItemGroup>
    <Filter Include="Model">
      <UniqueIdentifier>{c4b9d7f6-d88b-4f5b-a649-874683d01b59}</UniqueIdentifier>
    </Filter>
    <Filter Include="Texture">
      <UniqueIdentifier>{d1c3e7be-a032-435f-b9aa-b1cf367af810}</UniqueIdentifier>
    </Filter>
    <Filter Include="Math">
      <UniqueIdentifier>{94b36638-cf6b-4dad-853f-5453a1b4e208}</UniqueIdentifier>
    </Filter>
    <Filter Include="World">
      <UniqueIdentifier>{8bd044c1-e33a-47e1-8a6e-8f81a7f30b7e}</UniqueIdentifier>
    </Filter>
  </ItemGroup>
  <ItemGroup>
    <ClCompile Include="Model.cpp">
      <Filter>Model</Filter>
    </ClCompile>
    <ClCompile Include="ModelImporter.cpp">
      <Filter>Model</Filter>
    </ClCompile>
    <ClCompile Include="ModelMesh.cpp">
      <Filter>Model</Filter>
    </ClCompile>
    <ClCompile Include="ModelMeshVertex.cpp">
      <Filter>Model</Filter>
    </ClCompile>
    <ClCompile Include="Bitmap.cpp">
      <Filter>Texture</Filter>
    </ClCompile>
    <ClCompile Include="Vector3.cpp">
      <Filter>Math</Filter>
    </ClCompile>
    <ClCompile Include="Vector2.cpp">
      <Filter>Math</Filter>
    </ClCompile>
    <ClCompile Include="Transform.cpp">
      <Filter>Math</Filter>
    </ClCompile>
    <ClCompile Include="Pixel.cpp">
      <Filter>Texture</Filter>
    </ClCompile>
    <ClCompile Include="World.cpp">
      <Filter>World</Filter>
    </ClCompile>
    <ClCompile Include="Main.cpp" />
    <ClCompile Include="ModelRepository.cpp">
      <Filter>Model</Filter>
    </ClCompile>
    <ClCompile Include="TextureRepository.cpp">
      <Filter>Texture</Filter>
    </ClCompile>
    <ClCompile Include="Material.cpp" />
  </ItemGroup>
  <ItemGroup>
    <ClInclude Include="ModelImporter.h">
      <Filter>Model</Filter>
    </ClInclude>
    <ClInclude Include="Model.h">
      <Filter>Model</Filter>
    </ClInclude>
    <ClInclude Include="ModelMesh.h">
      <Filter>Model</Filter>
    </ClInclude>
    <ClInclude Include="ModelMeshVertex.h">
      <Filter>Model</Filter>
    </ClInclude>
    <ClInclude Include="Bitmap.h">
      <Filter>Texture</Filter>
    </ClInclude>
    <ClInclude Include="Transform.h">
      <Filter>Math</Filter>
    </ClInclude>
    <ClInclude Include="Matrix.h">
      <Filter>Math</Filter>
    </ClInclude>
    <ClInclude Include="Vector3.h">
      <Filter>Math</Filter>
    </ClInclude>
    <ClInclude Include="Vector2.h">
      <Filter>Math</Filter>
    </ClInclude>
    <ClInclude Include="Pixel.h">
      <Filter>Texture</Filter>
    </ClInclude>
    <ClInclude Include="World.h">
      <Filter>World</Filter>
    </ClInclude>
    <ClInclude Include="pch.h" />
    <ClInclude Include="ModelRepository.h">
      <Filter>Model</Filter>
    </ClInclude>
    <ClInclude Include="TextureRepository.h">
      <Filter>Texture</Filter>
    </ClInclude>
    <ClInclude Include="Material.h" />
  </ItemGroup>
</Project>